
Microsoft Visual Studio Solution File, Format Version 12.00
# Visual Studio 15
VisualStudioVersion = 15.0.27130.2027
MinimumVisualStudioVersion = 10.0.40219.1
Project("{2150E333-8FDC-42A3-9474-1A3956D46DE8}") = "Lectures", "Lectures", "{B588CCC8-1403-4033-B902-C6D34C2EC2F8}"
EndProject
Project("{FAE04EC0-301F-11D3-BF4B-00C04F79EFBC}") = "oopcs.Tests", "oopcs.Tests\oopcs.Tests.csproj", "{13FFDA8A-804F-4E39-9C36-01C54C876A58}"
EndProject
Project("{2150E333-8FDC-42A3-9474-1A3956D46DE8}") = "Workshops", "Workshops", "{530F326D-3D55-4F7C-B956-2CDA71A448DB}"
EndProject
Project("{FAE04EC0-301F-11D3-BF4B-00C04F79EFBC}") = "Day1", "oopcs\Lectures\Day1\Day1.csproj", "{F7A48824-9B1D-4BD4-A56C-4AD680D9EC0A}"
EndProject
Project("{FAE04EC0-301F-11D3-BF4B-00C04F79EFBC}") = "Day2", "oopcs\Lectures\Day2\Day2.csproj", "{C7BEDF3F-3892-4AD0-B4C9-94FCD78C6978}"
EndProject
Project("{FAE04EC0-301F-11D3-BF4B-00C04F79EFBC}") = "Workshop3", "oopcs\Workshops\Workshop3\Workshop3.csproj", "{387F5460-0C6E-4656-868F-30E9697A5552}"
EndProject
Project("{FAE04EC0-301F-11D3-BF4B-00C04F79EFBC}") = "TourExercise", "oopcs\Workshops\TourExercise\TourExercise.csproj", "{8E65AA2E-BC02-4D95-A28F-B6EFF8C5246D}"
EndProject
Project("{FAE04EC0-301F-11D3-BF4B-00C04F79EFBC}") = "TourExercise.Test", "TourExercise.Test\TourExercise.Test.csproj", "{FE0981F6-F901-4CE9-9715-D15269EFB3B9}"
EndProject
Project("{FAE04EC0-301F-11D3-BF4B-00C04F79EFBC}") = "Day3", "oopcs\Lectures\Day3\Day3.csproj", "{01DA93FF-2CE8-4E95-8E52-CD84498C663D}"
EndProject
Project("{FAE04EC0-301F-11D3-BF4B-00C04F79EFBC}") = "Workshop4", "oopcs\Workshops\Workshop4\Workshop4.csproj", "{AE2581C6-67D0-486F-A3D4-1E5DBFE8C7E5}"
EndProject
Project("{FAE04EC0-301F-11D3-BF4B-00C04F79EFBC}") = "Day4", "oopcs\Lectures\Day4\Day4.csproj", "{C8AE1AE8-ECDD-4CFF-8B0F-53F69EE7955D}"
EndProject
Project("{FAE04EC0-301F-11D3-BF4B-00C04F79EFBC}") = "Workshop5", "oopcs\Workshops\Workshop5\Workshop5.csproj", "{51DAF86B-475B-4BA5-B358-5799C4952D7C}"
EndProject
Global
	GlobalSection(SolutionConfigurationPlatforms) = preSolution
		Debug|Any CPU = Debug|Any CPU
		Release|Any CPU = Release|Any CPU
	EndGlobalSection
	GlobalSection(ProjectConfigurationPlatforms) = postSolution
		{13FFDA8A-804F-4E39-9C36-01C54C876A58}.Debug|Any CPU.ActiveCfg = Debug|Any CPU
		{13FFDA8A-804F-4E39-9C36-01C54C876A58}.Debug|Any CPU.Build.0 = Debug|Any CPU
		{13FFDA8A-804F-4E39-9C36-01C54C876A58}.Release|Any CPU.ActiveCfg = Release|Any CPU
		{13FFDA8A-804F-4E39-9C36-01C54C876A58}.Release|Any CPU.Build.0 = Release|Any CPU
		{F7A48824-9B1D-4BD4-A56C-4AD680D9EC0A}.Debug|Any CPU.ActiveCfg = Debug|Any CPU
		{F7A48824-9B1D-4BD4-A56C-4AD680D9EC0A}.Debug|Any CPU.Build.0 = Debug|Any CPU
		{F7A48824-9B1D-4BD4-A56C-4AD680D9EC0A}.Release|Any CPU.ActiveCfg = Release|Any CPU
		{F7A48824-9B1D-4BD4-A56C-4AD680D9EC0A}.Release|Any CPU.Build.0 = Release|Any CPU
		{C7BEDF3F-3892-4AD0-B4C9-94FCD78C6978}.Debug|Any CPU.ActiveCfg = Debug|Any CPU
		{C7BEDF3F-3892-4AD0-B4C9-94FCD78C6978}.Debug|Any CPU.Build.0 = Debug|Any CPU
		{C7BEDF3F-3892-4AD0-B4C9-94FCD78C6978}.Release|Any CPU.ActiveCfg = Release|Any CPU
		{C7BEDF3F-3892-4AD0-B4C9-94FCD78C6978}.Release|Any CPU.Build.0 = Release|Any CPU
		{387F5460-0C6E-4656-868F-30E9697A5552}.Debug|Any CPU.ActiveCfg = Debug|Any CPU
		{387F5460-0C6E-4656-868F-30E9697A5552}.Debug|Any CPU.Build.0 = Debug|Any CPU
		{387F5460-0C6E-4656-868F-30E9697A5552}.Release|Any CPU.ActiveCfg = Release|Any CPU
		{387F5460-0C6E-4656-868F-30E9697A5552}.Release|Any CPU.Build.0 = Release|Any CPU
		{8E65AA2E-BC02-4D95-A28F-B6EFF8C5246D}.Debug|Any CPU.ActiveCfg = Debug|Any CPU
		{8E65AA2E-BC02-4D95-A28F-B6EFF8C5246D}.Debug|Any CPU.Build.0 = Debug|Any CPU
		{8E65AA2E-BC02-4D95-A28F-B6EFF8C5246D}.Release|Any CPU.ActiveCfg = Release|Any CPU
		{8E65AA2E-BC02-4D95-A28F-B6EFF8C5246D}.Release|Any CPU.Build.0 = Release|Any CPU
		{FE0981F6-F901-4CE9-9715-D15269EFB3B9}.Debug|Any CPU.ActiveCfg = Debug|Any CPU
		{FE0981F6-F901-4CE9-9715-D15269EFB3B9}.Debug|Any CPU.Build.0 = Debug|Any CPU
		{FE0981F6-F901-4CE9-9715-D15269EFB3B9}.Release|Any CPU.ActiveCfg = Release|Any CPU
		{FE0981F6-F901-4CE9-9715-D15269EFB3B9}.Release|Any CPU.Build.0 = Release|Any CPU
		{01DA93FF-2CE8-4E95-8E52-CD84498C663D}.Debug|Any CPU.ActiveCfg = Debug|Any CPU
		{01DA93FF-2CE8-4E95-8E52-CD84498C663D}.Debug|Any CPU.Build.0 = Debug|Any CPU
		{01DA93FF-2CE8-4E95-8E52-CD84498C663D}.Release|Any CPU.ActiveCfg = Release|Any CPU
		{01DA93FF-2CE8-4E95-8E52-CD84498C663D}.Release|Any CPU.Build.0 = Release|Any CPU
		{AE2581C6-67D0-486F-A3D4-1E5DBFE8C7E5}.Debug|Any CPU.ActiveCfg = Debug|Any CPU
		{AE2581C6-67D0-486F-A3D4-1E5DBFE8C7E5}.Debug|Any CPU.Build.0 = Debug|Any CPU
		{AE2581C6-67D0-486F-A3D4-1E5DBFE8C7E5}.Release|Any CPU.ActiveCfg = Release|Any CPU
		{AE2581C6-67D0-486F-A3D4-1E5DBFE8C7E5}.Release|Any CPU.Build.0 = Release|Any CPU
		{C8AE1AE8-ECDD-4CFF-8B0F-53F69EE7955D}.Debug|Any CPU.ActiveCfg = Debug|Any CPU
		{C8AE1AE8-ECDD-4CFF-8B0F-53F69EE7955D}.Debug|Any CPU.Build.0 = Debug|Any CPU
		{C8AE1AE8-ECDD-4CFF-8B0F-53F69EE7955D}.Release|Any CPU.ActiveCfg = Release|Any CPU
		{C8AE1AE8-ECDD-4CFF-8B0F-53F69EE7955D}.Release|Any CPU.Build.0 = Release|Any CPU
		{51DAF86B-475B-4BA5-B358-5799C4952D7C}.Debug|Any CPU.ActiveCfg = Debug|Any CPU
		{51DAF86B-475B-4BA5-B358-5799C4952D7C}.Debug|Any CPU.Build.0 = Debug|Any CPU
		{51DAF86B-475B-4BA5-B358-5799C4952D7C}.Release|Any CPU.ActiveCfg = Release|Any CPU
		{51DAF86B-475B-4BA5-B358-5799C4952D7C}.Release|Any CPU.Build.0 = Release|Any CPU
	EndGlobalSection
	GlobalSection(SolutionProperties) = preSolution
		HideSolutionNode = FALSE
	EndGlobalSection
	GlobalSection(NestedProjects) = preSolution
		{F7A48824-9B1D-4BD4-A56C-4AD680D9EC0A} = {B588CCC8-1403-4033-B902-C6D34C2EC2F8}
		{C7BEDF3F-3892-4AD0-B4C9-94FCD78C6978} = {B588CCC8-1403-4033-B902-C6D34C2EC2F8}
		{387F5460-0C6E-4656-868F-30E9697A5552} = {530F326D-3D55-4F7C-B956-2CDA71A448DB}
		{8E65AA2E-BC02-4D95-A28F-B6EFF8C5246D} = {530F326D-3D55-4F7C-B956-2CDA71A448DB}
		{01DA93FF-2CE8-4E95-8E52-CD84498C663D} = {B588CCC8-1403-4033-B902-C6D34C2EC2F8}
		{AE2581C6-67D0-486F-A3D4-1E5DBFE8C7E5} = {530F326D-3D55-4F7C-B956-2CDA71A448DB}
		{C8AE1AE8-ECDD-4CFF-8B0F-53F69EE7955D} = {B588CCC8-1403-4033-B902-C6D34C2EC2F8}
		{51DAF86B-475B-4BA5-B358-5799C4952D7C} = {530F326D-3D55-4F7C-B956-2CDA71A448DB}
	EndGlobalSection
	GlobalSection(ExtensibilityGlobals) = postSolution
		SolutionGuid = {DEFAFC6C-1B3C-4A4B-A1ED-EE8180A9F41B}
	EndGlobalSection
EndGlobal
